// !$*UTF8*$!
{
	archiveVersion = 1;
	classes = {
	};
	objectVersion = 46;
	objects = {

/* Begin PBXBuildFile section */
		3A4EC9211F547EB100F63983 /* main.m in Sources */ = {isa = PBXBuildFile; fileRef = 3A4EC9201F547EB100F63983 /* main.m */; };
		3A4EC92C1F547F1E00F63983 /* FoodTruck.m in Sources */ = {isa = PBXBuildFile; fileRef = 3A4EC92B1F547F1E00F63983 /* FoodTruck.m */; };
		3A4EC92F1F547F7A00F63983 /* Cook.m in Sources */ = {isa = PBXBuildFile; fileRef = 3A4EC92E1F547F7A00F63983 /* Cook.m */; };
		3A4EC9321F54881400F63983 /* HolidayDiscount.m in Sources */ = {isa = PBXBuildFile; fileRef = 3A4EC9311F54881400F63983 /* HolidayDiscount.m */; };
/* End PBXBuildFile section */

/* Begin PBXCopyFilesBuildPhase section */
		3A4EC91B1F547EB100F63983 /* CopyFiles */ = {
			isa = PBXCopyFilesBuildPhase;
			buildActionMask = 2147483647;
			dstPath = /usr/share/man/man1/;
			dstSubfolderSpec = 0;
			files = (
			);
			runOnlyForDeploymentPostprocessing = 1;
		};
/* End PBXCopyFilesBuildPhase section */

/* Begin PBXFileReference section */
		3A4EC91D1F547EB100F63983 /* Assignment 09 */ = {isa = PBXFileReference; explicitFileType = "compiled.mach-o.executable"; includeInIndex = 0; path = "Assignment 09"; sourceTree = BUILT_PRODUCTS_DIR; };
		3A4EC9201F547EB100F63983 /* main.m */ = {isa = PBXFileReference; lastKnownFileType = sourcecode.c.objc; path = main.m; sourceTree = "<group>"; };
		3A4EC92A1F547F1E00F63983 /* FoodTruck.h */ = {isa = PBXFileReference; fileEncoding = 4; lastKnownFileType = sourcecode.c.h; path = FoodTruck.h; sourceTree = "<group>"; };
		3A4EC92B1F547F1E00F63983 /* FoodTruck.m */ = {isa = PBXFileReference; fileEncoding = 4; lastKnownFileType = sourcecode.c.objc; path = FoodTruck.m; sourceTree = "<group>"; };
		3A4EC92D1F547F7A00F63983 /* Cook.h */ = {isa = PBXFileReference; fileEncoding = 4; lastKnownFileType = sourcecode.c.h; path = Cook.h; sourceTree = "<group>"; };
		3A4EC92E1F547F7A00F63983 /* Cook.m */ = {isa = PBXFileReference; fileEncoding = 4; lastKnownFileType = sourcecode.c.objc; path = Cook.m; sourceTree = "<group>"; };
		3A4EC9301F54881400F63983 /* HolidayDiscount.h */ = {isa = PBXFileReference; fileEncoding = 4; lastKnownFileType = sourcecode.c.h; path = HolidayDiscount.h; sourceTree = "<group>"; };
		3A4EC9311F54881400F63983 /* HolidayDiscount.m */ = {isa = PBXFileReference; fileEncoding = 4; lastKnownFileType = sourcecode.c.objc; path = HolidayDiscount.m; sourceTree = "<group>"; };
/* End PBXFileReference section */

/* Begin PBXFrameworksBuildPhase section */
		3A4EC91A1F547EB100F63983 /* Frameworks */ = {
			isa = PBXFrameworksBuildPhase;
			buildActionMask = 2147483647;
			files = (
			);
			runOnlyForDeploymentPostprocessing = 0;
		};
/* End PBXFrameworksBuildPhase section */

/* Begin PBXGroup section */
		3A4EC9141F547EB100F63983 = {
			isa = PBXGroup;
			children = (
				3A4EC91F1F547EB100F63983 /* Assignment 09 */,
				3A4EC91E1F547EB100F63983 /* Products */,
			);
			sourceTree = "<group>";
		};
		3A4EC91E1F547EB100F63983 /* Products */ = {
			isa = PBXGroup;
			children = (
				3A4EC91D1F547EB100F63983 /* Assignment 09 */,
			);
			name = Products;
			sourceTree = "<group>";
		};
		3A4EC91F1F547EB100F63983 /* Assignment 09 */ = {
			isa = PBXGroup;
			children = (
				3A4EC9201F547EB100F63983 /* main.m */,
				3A4EC92A1F547F1E00F63983 /* FoodTruck.h */,
				3A4EC92B1F547F1E00F63983 /* FoodTruck.m */,
				3A4EC92D1F547F7A00F63983 /* Cook.h */,
				3A4EC92E1F547F7A00F63983 /* Cook.m */,
				3A4EC9301F54881400F63983 /* HolidayDiscount.h */,
				3A4EC9311F54881400F63983 /* HolidayDiscount.m */,
			);
			path = "Assignment 09";
			sourceTree = "<group>";
		};
/* End PBXGroup section */

/* Begin PBXNativeTarget section */
		3A4EC91C1F547EB100F63983 /* Assignment 09 */ = {
			isa = PBXNativeTarget;
			buildConfigurationList = 3A4EC9241F547EB100F63983 /* Build configuration list for PBXNativeTarget "Assignment 09" */;
			buildPhases = (
				3A4EC9191F547EB100F63983 /* Sources */,
				3A4EC91A1F547EB100F63983 /* Frameworks */,
				3A4EC91B1F547EB100F63983 /* CopyFiles */,
			);
			buildRules = (
			);
			dependencies = (
			);
			name = "Assignment 09";
			productName = "Assignment 09";
			productReference = 3A4EC91D1F547EB100F63983 /* Assignment 09 */;
			productType = "com.apple.product-type.tool";
		};
/* End PBXNativeTarget section */

/* Begin PBXProject section */
		3A4EC9151F547EB100F63983 /* Project object */ = {
			isa = PBXProject;
			attributes = {
				LastUpgradeCheck = 0730;
				ORGANIZATIONNAME = "Paulo Melila";
				TargetAttributes = {
					3A4EC91C1F547EB100F63983 = {
						CreatedOnToolsVersion = 7.3.1;
					};
				};
			};
			buildConfigurationList = 3A4EC9181F547EB100F63983 /* Build configuration list for PBXProject "Assignment 09" */;
			compatibilityVersion = "Xcode 3.2";
			developmentRegion = English;
			hasScannedForEncodings = 0;
			knownRegions = (
				en,
			);
			mainGroup = 3A4EC9141F547EB100F63983;
			productRefGroup = 3A4EC91E1F547EB100F63983 /* Products */;
			projectDirPath = "";
			projectRoot = "";
			targets = (
				3A4EC91C1F547EB100F63983 /* Assignment 09 */,
			);
		};
/* End PBXProject section */

/* Begin PBXSourcesBuildPhase section */
		3A4EC9191F547EB100F63983 /* Sources */ = {
			isa = PBXSourcesBuildPhase;
			buildActionMask = 2147483647;
			files = (
				3A4EC9211F547EB100F63983 /* main.m in Sources */,
				3A4EC92C1F547F1E00F63983 /* FoodTruck.m in Sources */,
				3A4EC9321F54881400F63983 /* HolidayDiscount.m in Sources */,
				3A4EC92F1F547F7A00F63983 /* Cook.m in Sources */,
			);
			runOnlyForDeploymentPostprocessing = 0;
		};
/* End PBXSourcesBuildPhase section */

/* Begin XCBuildConfiguration section */
		3A4EC9221F547EB100F63983 /* Debug */ = {
			isa = XCBuildConfiguration;
			buildSettings = {
				ALWAYS_SEARCH_USER_PATHS = NO;
				CLANG_ANALYZER_NONNULL = YES;
				CLANG_CXX_LANGUAGE_STANDARD = "gnu++0x";
				CLANG_CXX_LIBRARY = "libc++";
				CLANG_ENABLE_MODULES = YES;
				CLANG_ENABLE_OBJC_ARC = YES;
				CLANG_WARN_BOOL_CONVERSION = YES;
				CLANG_WARN_CONSTANT_CONVERSION = YES;
				CLANG_WARN_DIRECT_OBJC_ISA_USAGE = YES_ERROR;
				CLANG_WARN_EMPTY_BODY = YES;
				CLANG_WARN_ENUM_CONVERSION = YES;
				CLANG_WARN_INT_CONVERSION = YES;
				CLANG_WARN_OBJC_ROOT_CLASS = YES_ERROR;
				CLANG_WARN_UNREACHABLE_CODE = YES;
				CLANG_WARN__DUPLICATE_METHOD_MATCH = YES;
				CODE_SIGN_IDENTITY = "-";
				COPY_PHASE_STRIP = NO;
				DEBUG_INFORMATION_FORMAT = dwarf;
				ENABLE_STRICT_OBJC_MSGSEND = YES;
				ENABLE_TESTABILITY = YES;
				GCC_C_LANGUAGE_STANDARD = gnu99;
				GCC_DYNAMIC_NO_PIC = NO;
				GCC_NO_COMMON_BLOCKS = YES;
				GCC_OPTIMIZATION_LEVEL = 0;
				GCC_PREPROCESSOR_DEFINITIONS = (
					"DEBUG=1",
					"$(inherited)",
				);
				GCC_WARN_64_TO_32_BIT_CONVERSION = YES;
				GCC_WARN_ABOUT_RETURN_TYPE = YES_ERROR;
				GCC_WARN_UNDECLARED_SELECTOR = YES;
				GCC_WARN_UNINITIALIZED_AUTOS = YES_AGGRESSIVE;
				GCC_WARN_UNUSED_FUNCTION = YES;
				GCC_WARN_UNUSED_VARIABLE = YES;
				MACOSX_DEPLOYMENT_TARGET = 10.11;
				MTL_ENABLE_DEBUG_INFO = YES;
				ONLY_ACTIVE_ARCH = YES;
				SDKROOT = macosx;
			};
			name = Debug;
		};
		3A4EC9231F547EB100F63983 /* Release */ = {
			isa = XCBuildConfiguration;
			buildSettings = {
				ALWAYS_SEARCH_USER_PATHS = NO;
				CLANG_ANALYZER_NONNULL = YES;
				CLANG_CXX_LANGUAGE_STANDARD = "gnu++0x";
				CLANG_CXX_LIBRARY = "libc++";
				CLANG_ENABLE_MODULES = YES;
				CLANG_ENABLE_OBJC_ARC = YES;
				CLANG_WARN_BOOL_CONVERSION = YES;
				CLANG_WARN_CONSTANT_CONVERSION = YES;
				CLANG_WARN_DIRECT_OBJC_ISA_USAGE = YES_ERROR;
				CLANG_WARN_EMPTY_BODY = YES;
				CLANG_WARN_ENUM_CONVERSION = YES;
				CLANG_WARN_INT_CONVERSION = YES;
				CLANG_WARN_OBJC_ROOT_CLASS = YES_ERROR;
				CLANG_WARN_UNREACHABLE_CODE = YES;
				CLANG_WARN__DUPLICATE_METHOD_MATCH = YES;
				CODE_SIGN_IDENTITY = "-";
				COPY_PHASE_STRIP = NO;
				DEBUG_INFORMATION_FORMAT = "dwarf-with-dsym";
				ENABLE_NS_ASSERTIONS = NO;
				ENABLE_STRICT_OBJC_MSGSEND = YES;
				GCC_C_LANGUAGE_STANDARD = gnu99;
				GCC_NO_COMMON_BLOCKS = YES;
				GCC_WARN_64_TO_32_BIT_CONVERSION = YES;
				GCC_WARN_ABOUT_RETURN_TYPE = YES_ERROR;
				GCC_WARN_UNDECLARED_SELECTOR = YES;
				GCC_WARN_UNINITIALIZED_AUTOS = YES_AGGRESSIVE;
				GCC_WARN_UNUSED_FUNCTION = YES;
				GCC_WARN_UNUSED_VARIABLE = YES;
				MACOSX_DEPLOYMENT_TARGET = 10.11;
				MTL_ENABLE_DEBUG_INFO = NO;
				SDKROOT = macosx;
			};
			name = Release;
		};
		3A4EC9251F547EB100F63983 /* Debug */ = {
			isa = XCBuildConfiguration;
			buildSettings = {
				PRODUCT_NAME = "$(TARGET_NAME)";
			};
			name = Debug;
		};
		3A4EC9261F547EB100F63983 /* Release */ = {
			isa = XCBuildConfiguration;
			buildSettings = {
				PRODUCT_NAME = "$(TARGET_NAME)";
			};
			name = Release;
		};
/* End XCBuildConfiguration section */

/* Begin XCConfigurationList section */
		3A4EC9181F547EB100F63983 /* Build configuration list for PBXProject "Assignment 09" */ = {
			isa = XCConfigurationList;
			buildConfigurations = (
				3A4EC9221F547EB100F63983 /* Debug */,
				3A4EC9231F547EB100F63983 /* Release */,
			);
			defaultConfigurationIsVisible = 0;
			defaultConfigurationName = Release;
		};
		3A4EC9241F547EB100F63983 /* Build configuration list for PBXNativeTarget "Assignment 09" */ = {
			isa = XCConfigurationList;
			buildConfigurations = (
				3A4EC9251F547EB100F63983 /* Debug */,
				3A4EC9261F547EB100F63983 /* Release */,
			);
			defaultConfigurationIsVisible = 0;
		};
/* End XCConfigurationList section */
	};
	rootObject = 3A4EC9151F547EB100F63983 /* Project object */;
}
