// !$*UTF8*$!
{
	archiveVersion = 1;
	classes = {
	};
	objectVersion = 46;
	objects = {

/* Begin PBXBuildFile section */
		3A45BE4D1F538A4F00B0165E /* main.m in Sources */ = {isa = PBXBuildFile; fileRef = 3A45BE4C1F538A4F00B0165E /* main.m */; };
		3A45BE551F538AA400B0165E /* GetInput.m in Sources */ = {isa = PBXBuildFile; fileRef = 3A45BE541F538AA400B0165E /* GetInput.m */; };
		3A45BE581F538AB200B0165E /* Kitchen.m in Sources */ = {isa = PBXBuildFile; fileRef = 3A45BE571F538AB200B0165E /* Kitchen.m */; };
		3A45BE5B1F538AC500B0165E /* Pizza.m in Sources */ = {isa = PBXBuildFile; fileRef = 3A45BE5A1F538AC500B0165E /* Pizza.m */; };
/* End PBXBuildFile section */

/* Begin PBXCopyFilesBuildPhase section */
		3A45BE471F538A4F00B0165E /* CopyFiles */ = {
			isa = PBXCopyFilesBuildPhase;
			buildActionMask = 2147483647;
			dstPath = /usr/share/man/man1/;
			dstSubfolderSpec = 0;
			files = (
			);
			runOnlyForDeploymentPostprocessing = 1;
		};
/* End PBXCopyFilesBuildPhase section */

/* Begin PBXFileReference section */
		3A45BE491F538A4F00B0165E /* Assignment 08 */ = {isa = PBXFileReference; explicitFileType = "compiled.mach-o.executable"; includeInIndex = 0; path = "Assignment 08"; sourceTree = BUILT_PRODUCTS_DIR; };
		3A45BE4C1F538A4F00B0165E /* main.m */ = {isa = PBXFileReference; lastKnownFileType = sourcecode.c.objc; path = main.m; sourceTree = "<group>"; };
		3A45BE531F538AA400B0165E /* GetInput.h */ = {isa = PBXFileReference; fileEncoding = 4; lastKnownFileType = sourcecode.c.h; path = GetInput.h; sourceTree = "<group>"; };
		3A45BE541F538AA400B0165E /* GetInput.m */ = {isa = PBXFileReference; fileEncoding = 4; lastKnownFileType = sourcecode.c.objc; path = GetInput.m; sourceTree = "<group>"; };
		3A45BE561F538AB200B0165E /* Kitchen.h */ = {isa = PBXFileReference; fileEncoding = 4; lastKnownFileType = sourcecode.c.h; path = Kitchen.h; sourceTree = "<group>"; };
		3A45BE571F538AB200B0165E /* Kitchen.m */ = {isa = PBXFileReference; fileEncoding = 4; lastKnownFileType = sourcecode.c.objc; path = Kitchen.m; sourceTree = "<group>"; };
		3A45BE591F538AC500B0165E /* Pizza.h */ = {isa = PBXFileReference; fileEncoding = 4; lastKnownFileType = sourcecode.c.h; path = Pizza.h; sourceTree = "<group>"; };
		3A45BE5A1F538AC500B0165E /* Pizza.m */ = {isa = PBXFileReference; fileEncoding = 4; lastKnownFileType = sourcecode.c.objc; path = Pizza.m; sourceTree = "<group>"; };
/* End PBXFileReference section */

/* Begin PBXFrameworksBuildPhase section */
		3A45BE461F538A4F00B0165E /* Frameworks */ = {
			isa = PBXFrameworksBuildPhase;
			buildActionMask = 2147483647;
			files = (
			);
			runOnlyForDeploymentPostprocessing = 0;
		};
/* End PBXFrameworksBuildPhase section */

/* Begin PBXGroup section */
		3A45BE401F538A4F00B0165E = {
			isa = PBXGroup;
			children = (
				3A45BE4B1F538A4F00B0165E /* Assignment 08 */,
				3A45BE4A1F538A4F00B0165E /* Products */,
			);
			sourceTree = "<group>";
		};
		3A45BE4A1F538A4F00B0165E /* Products */ = {
			isa = PBXGroup;
			children = (
				3A45BE491F538A4F00B0165E /* Assignment 08 */,
			);
			name = Products;
			sourceTree = "<group>";
		};
		3A45BE4B1F538A4F00B0165E /* Assignment 08 */ = {
			isa = PBXGroup;
			children = (
				3A45BE4C1F538A4F00B0165E /* main.m */,
				3A45BE531F538AA400B0165E /* GetInput.h */,
				3A45BE541F538AA400B0165E /* GetInput.m */,
				3A45BE561F538AB200B0165E /* Kitchen.h */,
				3A45BE571F538AB200B0165E /* Kitchen.m */,
				3A45BE591F538AC500B0165E /* Pizza.h */,
				3A45BE5A1F538AC500B0165E /* Pizza.m */,
			);
			path = "Assignment 08";
			sourceTree = "<group>";
		};
/* End PBXGroup section */

/* Begin PBXNativeTarget section */
		3A45BE481F538A4F00B0165E /* Assignment 08 */ = {
			isa = PBXNativeTarget;
			buildConfigurationList = 3A45BE501F538A4F00B0165E /* Build configuration list for PBXNativeTarget "Assignment 08" */;
			buildPhases = (
				3A45BE451F538A4F00B0165E /* Sources */,
				3A45BE461F538A4F00B0165E /* Frameworks */,
				3A45BE471F538A4F00B0165E /* CopyFiles */,
			);
			buildRules = (
			);
			dependencies = (
			);
			name = "Assignment 08";
			productName = "Assignment 08";
			productReference = 3A45BE491F538A4F00B0165E /* Assignment 08 */;
			productType = "com.apple.product-type.tool";
		};
/* End PBXNativeTarget section */

/* Begin PBXProject section */
		3A45BE411F538A4F00B0165E /* Project object */ = {
			isa = PBXProject;
			attributes = {
				LastUpgradeCheck = 0730;
				ORGANIZATIONNAME = "Paulo Melila";
				TargetAttributes = {
					3A45BE481F538A4F00B0165E = {
						CreatedOnToolsVersion = 7.3.1;
					};
				};
			};
			buildConfigurationList = 3A45BE441F538A4F00B0165E /* Build configuration list for PBXProject "Assignment 08" */;
			compatibilityVersion = "Xcode 3.2";
			developmentRegion = English;
			hasScannedForEncodings = 0;
			knownRegions = (
				en,
			);
			mainGroup = 3A45BE401F538A4F00B0165E;
			productRefGroup = 3A45BE4A1F538A4F00B0165E /* Products */;
			projectDirPath = "";
			projectRoot = "";
			targets = (
				3A45BE481F538A4F00B0165E /* Assignment 08 */,
			);
		};
/* End PBXProject section */

/* Begin PBXSourcesBuildPhase section */
		3A45BE451F538A4F00B0165E /* Sources */ = {
			isa = PBXSourcesBuildPhase;
			buildActionMask = 2147483647;
			files = (
				3A45BE5B1F538AC500B0165E /* Pizza.m in Sources */,
				3A45BE4D1F538A4F00B0165E /* main.m in Sources */,
				3A45BE551F538AA400B0165E /* GetInput.m in Sources */,
				3A45BE581F538AB200B0165E /* Kitchen.m in Sources */,
			);
			runOnlyForDeploymentPostprocessing = 0;
		};
/* End PBXSourcesBuildPhase section */

/* Begin XCBuildConfiguration section */
		3A45BE4E1F538A4F00B0165E /* Debug */ = {
			isa = XCBuildConfiguration;
			buildSettings = {
				ALWAYS_SEARCH_USER_PATHS = NO;
				CLANG_ANALYZER_NONNULL = YES;
				CLANG_CXX_LANGUAGE_STANDARD = "gnu++0x";
				CLANG_CXX_LIBRARY = "libc++";
				CLANG_ENABLE_MODULES = YES;
				CLANG_ENABLE_OBJC_ARC = YES;
				CLANG_WARN_BOOL_CONVERSION = YES;
				CLANG_WARN_CONSTANT_CONVERSION = YES;
				CLANG_WARN_DIRECT_OBJC_ISA_USAGE = YES_ERROR;
				CLANG_WARN_EMPTY_BODY = YES;
				CLANG_WARN_ENUM_CONVERSION = YES;
				CLANG_WARN_INT_CONVERSION = YES;
				CLANG_WARN_OBJC_ROOT_CLASS = YES_ERROR;
				CLANG_WARN_UNREACHABLE_CODE = YES;
				CLANG_WARN__DUPLICATE_METHOD_MATCH = YES;
				CODE_SIGN_IDENTITY = "-";
				COPY_PHASE_STRIP = NO;
				DEBUG_INFORMATION_FORMAT = dwarf;
				ENABLE_STRICT_OBJC_MSGSEND = YES;
				ENABLE_TESTABILITY = YES;
				GCC_C_LANGUAGE_STANDARD = gnu99;
				GCC_DYNAMIC_NO_PIC = NO;
				GCC_NO_COMMON_BLOCKS = YES;
				GCC_OPTIMIZATION_LEVEL = 0;
				GCC_PREPROCESSOR_DEFINITIONS = (
					"DEBUG=1",
					"$(inherited)",
				);
				GCC_WARN_64_TO_32_BIT_CONVERSION = YES;
				GCC_WARN_ABOUT_RETURN_TYPE = YES_ERROR;
				GCC_WARN_UNDECLARED_SELECTOR = YES;
				GCC_WARN_UNINITIALIZED_AUTOS = YES_AGGRESSIVE;
				GCC_WARN_UNUSED_FUNCTION = YES;
				GCC_WARN_UNUSED_VARIABLE = YES;
				MACOSX_DEPLOYMENT_TARGET = 10.11;
				MTL_ENABLE_DEBUG_INFO = YES;
				ONLY_ACTIVE_ARCH = YES;
				SDKROOT = macosx;
			};
			name = Debug;
		};
		3A45BE4F1F538A4F00B0165E /* Release */ = {
			isa = XCBuildConfiguration;
			buildSettings = {
				ALWAYS_SEARCH_USER_PATHS = NO;
				CLANG_ANALYZER_NONNULL = YES;
				CLANG_CXX_LANGUAGE_STANDARD = "gnu++0x";
				CLANG_CXX_LIBRARY = "libc++";
				CLANG_ENABLE_MODULES = YES;
				CLANG_ENABLE_OBJC_ARC = YES;
				CLANG_WARN_BOOL_CONVERSION = YES;
				CLANG_WARN_CONSTANT_CONVERSION = YES;
				CLANG_WARN_DIRECT_OBJC_ISA_USAGE = YES_ERROR;
				CLANG_WARN_EMPTY_BODY = YES;
				CLANG_WARN_ENUM_CONVERSION = YES;
				CLANG_WARN_INT_CONVERSION = YES;
				CLANG_WARN_OBJC_ROOT_CLASS = YES_ERROR;
				CLANG_WARN_UNREACHABLE_CODE = YES;
				CLANG_WARN__DUPLICATE_METHOD_MATCH = YES;
				CODE_SIGN_IDENTITY = "-";
				COPY_PHASE_STRIP = NO;
				DEBUG_INFORMATION_FORMAT = "dwarf-with-dsym";
				ENABLE_NS_ASSERTIONS = NO;
				ENABLE_STRICT_OBJC_MSGSEND = YES;
				GCC_C_LANGUAGE_STANDARD = gnu99;
				GCC_NO_COMMON_BLOCKS = YES;
				GCC_WARN_64_TO_32_BIT_CONVERSION = YES;
				GCC_WARN_ABOUT_RETURN_TYPE = YES_ERROR;
				GCC_WARN_UNDECLARED_SELECTOR = YES;
				GCC_WARN_UNINITIALIZED_AUTOS = YES_AGGRESSIVE;
				GCC_WARN_UNUSED_FUNCTION = YES;
				GCC_WARN_UNUSED_VARIABLE = YES;
				MACOSX_DEPLOYMENT_TARGET = 10.11;
				MTL_ENABLE_DEBUG_INFO = NO;
				SDKROOT = macosx;
			};
			name = Release;
		};
		3A45BE511F538A4F00B0165E /* Debug */ = {
			isa = XCBuildConfiguration;
			buildSettings = {
				PRODUCT_NAME = "$(TARGET_NAME)";
			};
			name = Debug;
		};
		3A45BE521F538A4F00B0165E /* Release */ = {
			isa = XCBuildConfiguration;
			buildSettings = {
				PRODUCT_NAME = "$(TARGET_NAME)";
			};
			name = Release;
		};
/* End XCBuildConfiguration section */

/* Begin XCConfigurationList section */
		3A45BE441F538A4F00B0165E /* Build configuration list for PBXProject "Assignment 08" */ = {
			isa = XCConfigurationList;
			buildConfigurations = (
				3A45BE4E1F538A4F00B0165E /* Debug */,
				3A45BE4F1F538A4F00B0165E /* Release */,
			);
			defaultConfigurationIsVisible = 0;
			defaultConfigurationName = Release;
		};
		3A45BE501F538A4F00B0165E /* Build configuration list for PBXNativeTarget "Assignment 08" */ = {
			isa = XCConfigurationList;
			buildConfigurations = (
				3A45BE511F538A4F00B0165E /* Debug */,
				3A45BE521F538A4F00B0165E /* Release */,
			);
			defaultConfigurationIsVisible = 0;
		};
/* End XCConfigurationList section */
	};
	rootObject = 3A45BE411F538A4F00B0165E /* Project object */;
}
